
Microsoft Visual Studio Solution File, Format Version 12.00
# Visual Studio Version 16
VisualStudioVersion = 16.0.31019.35
MinimumVisualStudioVersion = 10.0.40219.1
Project("{FAE04EC0-301F-11D3-BF4B-00C04F79EFBC}") = "Moonlystic", "Moonlystic\Moonlystic.csproj", "{E3630294-C181-48BD-B008-227BB07EF465}"
EndProject
Global
	GlobalSection(SolutionConfigurationPlatforms) = preSolution
		Debug|Any CPU = Debug|Any CPU
		Release|Any CPU = Release|Any CPU
	EndGlobalSection
	GlobalSection(ProjectConfigurationPlatforms) = postSolution
		{E3630294-C181-48BD-B008-227BB07EF465}.Debug|Any CPU.ActiveCfg = Debug|Any CPU
		{E3630294-C181-48BD-B008-227BB07EF465}.Debug|Any CPU.Build.0 = Debug|Any CPU
		{E3630294-C181-48BD-B008-227BB07EF465}.Release|Any CPU.ActiveCfg = Release|Any CPU
		{E3630294-C181-48BD-B008-227BB07EF465}.Release|Any CPU.Build.0 = Release|Any CPU
	EndGlobalSection
	GlobalSection(SolutionProperties) = preSolution
		HideSolutionNode = FALSE
	EndGlobalSection
	GlobalSection(ExtensibilityGlobals) = postSolution
		SolutionGuid = {9B2B2B60-DB06-4773-939B-3C8F4A499020}
	EndGlobalSection
EndGlobal
